
Microsoft Visual Studio Solution File, Format Version 12.00
# Visual Studio Version 17
VisualStudioVersion = 17.4.32804.182
MinimumVisualStudioVersion = 10.0.40219.1
Project("{FAE04EC0-301F-11D3-BF4B-00C04F79EFBC}") = "BlazorServerLdapOnLinux", "BlazorServerLdapOnLinux\BlazorServerLdapOnLinux.csproj", "{000D25D5-FEC9-4E46-A1F6-96FEE9D2C9A3}"
EndProject
Global
	GlobalSection(SolutionConfigurationPlatforms) = preSolution
		Debug|Any CPU = Debug|Any CPU
		Release|Any CPU = Release|Any CPU
	EndGlobalSection
	GlobalSection(ProjectConfigurationPlatforms) = postSolution
		{000D25D5-FEC9-4E46-A1F6-96FEE9D2C9A3}.Debug|Any CPU.ActiveCfg = Debug|Any CPU
		{000D25D5-FEC9-4E46-A1F6-96FEE9D2C9A3}.Debug|Any CPU.Build.0 = Debug|Any CPU
		{000D25D5-FEC9-4E46-A1F6-96FEE9D2C9A3}.Release|Any CPU.ActiveCfg = Release|Any CPU
		{000D25D5-FEC9-4E46-A1F6-96FEE9D2C9A3}.Release|Any CPU.Build.0 = Release|Any CPU
	EndGlobalSection
	GlobalSection(SolutionProperties) = preSolution
		HideSolutionNode = FALSE
	EndGlobalSection
	GlobalSection(ExtensibilityGlobals) = postSolution
		SolutionGuid = {78CCBDF5-04CD-4D72-95CE-8E795D7E808D}
	EndGlobalSection
EndGlobal
